// !$*UTF8*$!
{
	archiveVersion = 1;
	classes = {
	};
	objectVersion = 46;
	objects = {

/* Begin PBXBuildFile section */
		C383EC2E1B3BE9F00029359C /* AppDelegate.swift in Sources */ = {isa = PBXBuildFile; fileRef = C383EC2D1B3BE9F00029359C /* AppDelegate.swift */; };
		C383EC301B3BE9F00029359C /* ViewController.swift in Sources */ = {isa = PBXBuildFile; fileRef = C383EC2F1B3BE9F00029359C /* ViewController.swift */; };
		C383EC331B3BE9F10029359C /* Main.storyboard in Resources */ = {isa = PBXBuildFile; fileRef = C383EC311B3BE9F10029359C /* Main.storyboard */; };
		C383EC351B3BE9F10029359C /* Images.xcassets in Resources */ = {isa = PBXBuildFile; fileRef = C383EC341B3BE9F10029359C /* Images.xcassets */; };
		C383EC381B3BE9F10029359C /* LaunchScreen.xib in Resources */ = {isa = PBXBuildFile; fileRef = C383EC361B3BE9F10029359C /* LaunchScreen.xib */; };
		C383EC441B3BE9F10029359C /* CustomTableViewTests.swift in Sources */ = {isa = PBXBuildFile; fileRef = C383EC431B3BE9F10029359C /* CustomTableViewTests.swift */; };
		C383EC4E1B3BEB7C0029359C /* cellTableViewCell.swift in Sources */ = {isa = PBXBuildFile; fileRef = C383EC4D1B3BEB7C0029359C /* cellTableViewCell.swift */; };
		C383EC501B3BEE640029359C /* flat-avatar.png in Resources */ = {isa = PBXBuildFile; fileRef = C383EC4F1B3BEE640029359C /* flat-avatar.png */; };
/* End PBXBuildFile section */

/* Begin PBXContainerItemProxy section */
		C383EC3E1B3BE9F10029359C /* PBXContainerItemProxy */ = {
			isa = PBXContainerItemProxy;
			containerPortal = C383EC201B3BE9F00029359C /* Project object */;
			proxyType = 1;
			remoteGlobalIDString = C383EC271B3BE9F00029359C;
			remoteInfo = CustomTableView;
		};
/* End PBXContainerItemProxy section */

/* Begin PBXFileReference section */
		C383EC281B3BE9F00029359C /* CustomTableView.app */ = {isa = PBXFileReference; explicitFileType = wrapper.application; includeInIndex = 0; path = CustomTableView.app; sourceTree = BUILT_PRODUCTS_DIR; };
		C383EC2C1B3BE9F00029359C /* Info.plist */ = {isa = PBXFileReference; lastKnownFileType = text.plist.xml; path = Info.plist; sourceTree = "<group>"; };
		C383EC2D1B3BE9F00029359C /* AppDelegate.swift */ = {isa = PBXFileReference; lastKnownFileType = sourcecode.swift; path = AppDelegate.swift; sourceTree = "<group>"; };
		C383EC2F1B3BE9F00029359C /* ViewController.swift */ = {isa = PBXFileReference; lastKnownFileType = sourcecode.swift; path = ViewController.swift; sourceTree = "<group>"; };
		C383EC321B3BE9F10029359C /* Base */ = {isa = PBXFileReference; lastKnownFileType = file.storyboard; name = Base; path = Base.lproj/Main.storyboard; sourceTree = "<group>"; };
		C383EC341B3BE9F10029359C /* Images.xcassets */ = {isa = PBXFileReference; lastKnownFileType = folder.assetcatalog; path = Images.xcassets; sourceTree = "<group>"; };
		C383EC371B3BE9F10029359C /* Base */ = {isa = PBXFileReference; lastKnownFileType = file.xib; name = Base; path = Base.lproj/LaunchScreen.xib; sourceTree = "<group>"; };
		C383EC3D1B3BE9F10029359C /* CustomTableViewTests.xctest */ = {isa = PBXFileReference; explicitFileType = wrapper.cfbundle; includeInIndex = 0; path = CustomTableViewTests.xctest; sourceTree = BUILT_PRODUCTS_DIR; };
		C383EC421B3BE9F10029359C /* Info.plist */ = {isa = PBXFileReference; lastKnownFileType = text.plist.xml; path = Info.plist; sourceTree = "<group>"; };
		C383EC431B3BE9F10029359C /* CustomTableViewTests.swift */ = {isa = PBXFileReference; lastKnownFileType = sourcecode.swift; path = CustomTableViewTests.swift; sourceTree = "<group>"; };
		C383EC4D1B3BEB7C0029359C /* cellTableViewCell.swift */ = {isa = PBXFileReference; fileEncoding = 4; lastKnownFileType = sourcecode.swift; path = cellTableViewCell.swift; sourceTree = "<group>"; };
		C383EC4F1B3BEE640029359C /* flat-avatar.png */ = {isa = PBXFileReference; lastKnownFileType = image.png; path = "flat-avatar.png"; sourceTree = "<group>"; };
/* End PBXFileReference section */

/* Begin PBXFrameworksBuildPhase section */
		C383EC251B3BE9F00029359C /* Frameworks */ = {
			isa = PBXFrameworksBuildPhase;
			buildActionMask = 2147483647;
			files = (
			);
			runOnlyForDeploymentPostprocessing = 0;
		};
		C383EC3A1B3BE9F10029359C /* Frameworks */ = {
			isa = PBXFrameworksBuildPhase;
			buildActionMask = 2147483647;
			files = (
			);
			runOnlyForDeploymentPostprocessing = 0;
		};
/* End PBXFrameworksBuildPhase section */

/* Begin PBXGroup section */
		C383EC1F1B3BE9F00029359C = {
			isa = PBXGroup;
			children = (
				C383EC4F1B3BEE640029359C /* flat-avatar.png */,
				C383EC2A1B3BE9F00029359C /* CustomTableView */,
				C383EC401B3BE9F10029359C /* CustomTableViewTests */,
				C383EC291B3BE9F00029359C /* Products */,
			);
			sourceTree = "<group>";
		};
		C383EC291B3BE9F00029359C /* Products */ = {
			isa = PBXGroup;
			children = (
				C383EC281B3BE9F00029359C /* CustomTableView.app */,
				C383EC3D1B3BE9F10029359C /* CustomTableViewTests.xctest */,
			);
			name = Products;
			sourceTree = "<group>";
		};
		C383EC2A1B3BE9F00029359C /* CustomTableView */ = {
			isa = PBXGroup;
			children = (
				C383EC2D1B3BE9F00029359C /* AppDelegate.swift */,
				C383EC2F1B3BE9F00029359C /* ViewController.swift */,
				C383EC4D1B3BEB7C0029359C /* cellTableViewCell.swift */,
				C383EC311B3BE9F10029359C /* Main.storyboard */,
				C383EC341B3BE9F10029359C /* Images.xcassets */,
				C383EC361B3BE9F10029359C /* LaunchScreen.xib */,
				C383EC2B1B3BE9F00029359C /* Supporting Files */,
			);
			path = CustomTableView;
			sourceTree = "<group>";
		};
		C383EC2B1B3BE9F00029359C /* Supporting Files */ = {
			isa = PBXGroup;
			children = (
				C383EC2C1B3BE9F00029359C /* Info.plist */,
			);
			name = "Supporting Files";
			sourceTree = "<group>";
		};
		C383EC401B3BE9F10029359C /* CustomTableViewTests */ = {
			isa = PBXGroup;
			children = (
				C383EC431B3BE9F10029359C /* CustomTableViewTests.swift */,
				C383EC411B3BE9F10029359C /* Supporting Files */,
			);
			path = CustomTableViewTests;
			sourceTree = "<group>";
		};
		C383EC411B3BE9F10029359C /* Supporting Files */ = {
			isa = PBXGroup;
			children = (
				C383EC421B3BE9F10029359C /* Info.plist */,
			);
			name = "Supporting Files";
			sourceTree = "<group>";
		};
/* End PBXGroup section */

/* Begin PBXNativeTarget section */
		C383EC271B3BE9F00029359C /* CustomTableView */ = {
			isa = PBXNativeTarget;
			buildConfigurationList = C383EC471B3BE9F10029359C /* Build configuration list for PBXNativeTarget "CustomTableView" */;
			buildPhases = (
				C383EC241B3BE9F00029359C /* Sources */,
				C383EC251B3BE9F00029359C /* Frameworks */,
				C383EC261B3BE9F00029359C /* Resources */,
			);
			buildRules = (
			);
			dependencies = (
			);
			name = CustomTableView;
			productName = CustomTableView;
			productReference = C383EC281B3BE9F00029359C /* CustomTableView.app */;
			productType = "com.apple.product-type.application";
		};
		C383EC3C1B3BE9F10029359C /* CustomTableViewTests */ = {
			isa = PBXNativeTarget;
			buildConfigurationList = C383EC4A1B3BE9F10029359C /* Build configuration list for PBXNativeTarget "CustomTableViewTests" */;
			buildPhases = (
				C383EC391B3BE9F10029359C /* Sources */,
				C383EC3A1B3BE9F10029359C /* Frameworks */,
				C383EC3B1B3BE9F10029359C /* Resources */,
			);
			buildRules = (
			);
			dependencies = (
				C383EC3F1B3BE9F10029359C /* PBXTargetDependency */,
			);
			name = CustomTableViewTests;
			productName = CustomTableViewTests;
			productReference = C383EC3D1B3BE9F10029359C /* CustomTableViewTests.xctest */;
			productType = "com.apple.product-type.bundle.unit-test";
		};
/* End PBXNativeTarget section */

/* Begin PBXProject section */
		C383EC201B3BE9F00029359C /* Project object */ = {
			isa = PBXProject;
			attributes = {
				LastUpgradeCheck = 0630;
				ORGANIZATIONNAME = Admin;
				TargetAttributes = {
					C383EC271B3BE9F00029359C = {
						CreatedOnToolsVersion = 6.3.1;
					};
					C383EC3C1B3BE9F10029359C = {
						CreatedOnToolsVersion = 6.3.1;
						TestTargetID = C383EC271B3BE9F00029359C;
					};
				};
			};
			buildConfigurationList = C383EC231B3BE9F00029359C /* Build configuration list for PBXProject "CustomTableView" */;
			compatibilityVersion = "Xcode 3.2";
			developmentRegion = English;
			hasScannedForEncodings = 0;
			knownRegions = (
				en,
				Base,
			);
			mainGroup = C383EC1F1B3BE9F00029359C;
			productRefGroup = C383EC291B3BE9F00029359C /* Products */;
			projectDirPath = "";
			projectRoot = "";
			targets = (
				C383EC271B3BE9F00029359C /* CustomTableView */,
				C383EC3C1B3BE9F10029359C /* CustomTableViewTests */,
			);
		};
/* End PBXProject section */

/* Begin PBXResourcesBuildPhase section */
		C383EC261B3BE9F00029359C /* Resources */ = {
			isa = PBXResourcesBuildPhase;
			buildActionMask = 2147483647;
			files = (
				C383EC331B3BE9F10029359C /* Main.storyboard in Resources */,
				C383EC501B3BEE640029359C /* flat-avatar.png in Resources */,
				C383EC381B3BE9F10029359C /* LaunchScreen.xib in Resources */,
				C383EC351B3BE9F10029359C /* Images.xcassets in Resources */,
			);
			runOnlyForDeploymentPostprocessing = 0;
		};
		C383EC3B1B3BE9F10029359C /* Resources */ = {
			isa = PBXResourcesBuildPhase;
			buildActionMask = 2147483647;
			files = (
			);
			runOnlyForDeploymentPostprocessing = 0;
		};
/* End PBXResourcesBuildPhase section */

/* Begin PBXSourcesBuildPhase section */
		C383EC241B3BE9F00029359C /* Sources */ = {
			isa = PBXSourcesBuildPhase;
			buildActionMask = 2147483647;
			files = (
				C383EC301B3BE9F00029359C /* ViewController.swift in Sources */,
				C383EC2E1B3BE9F00029359C /* AppDelegate.swift in Sources */,
				C383EC4E1B3BEB7C0029359C /* cellTableViewCell.swift in Sources */,
			);
			runOnlyForDeploymentPostprocessing = 0;
		};
		C383EC391B3BE9F10029359C /* Sources */ = {
			isa = PBXSourcesBuildPhase;
			buildActionMask = 2147483647;
			files = (
				C383EC441B3BE9F10029359C /* CustomTableViewTests.swift in Sources */,
			);
			runOnlyForDeploymentPostprocessing = 0;
		};
/* End PBXSourcesBuildPhase section */

/* Begin PBXTargetDependency section */
		C383EC3F1B3BE9F10029359C /* PBXTargetDependency */ = {
			isa = PBXTargetDependency;
			target = C383EC271B3BE9F00029359C /* CustomTableView */;
			targetProxy = C383EC3E1B3BE9F10029359C /* PBXContainerItemProxy */;
		};
/* End PBXTargetDependency section */

/* Begin PBXVariantGroup section */
		C383EC311B3BE9F10029359C /* Main.storyboard */ = {
			isa = PBXVariantGroup;
			children = (
				C383EC321B3BE9F10029359C /* Base */,
			);
			name = Main.storyboard;
			sourceTree = "<group>";
		};
		C383EC361B3BE9F10029359C /* LaunchScreen.xib */ = {
			isa = PBXVariantGroup;
			children = (
				C383EC371B3BE9F10029359C /* Base */,
			);
			name = LaunchScreen.xib;
			sourceTree = "<group>";
		};
/* End PBXVariantGroup section */

/* Begin XCBuildConfiguration section */
		C383EC451B3BE9F10029359C /* Debug */ = {
			isa = XCBuildConfiguration;
			buildSettings = {
				ALWAYS_SEARCH_USER_PATHS = NO;
				CLANG_CXX_LANGUAGE_STANDARD = "gnu++0x";
				CLANG_CXX_LIBRARY = "libc++";
				CLANG_ENABLE_MODULES = YES;
				CLANG_ENABLE_OBJC_ARC = YES;
				CLANG_WARN_BOOL_CONVERSION = YES;
				CLANG_WARN_CONSTANT_CONVERSION = YES;
				CLANG_WARN_DIRECT_OBJC_ISA_USAGE = YES_ERROR;
				CLANG_WARN_EMPTY_BODY = YES;
				CLANG_WARN_ENUM_CONVERSION = YES;
				CLANG_WARN_INT_CONVERSION = YES;
				CLANG_WARN_OBJC_ROOT_CLASS = YES_ERROR;
				CLANG_WARN_UNREACHABLE_CODE = YES;
				CLANG_WARN__DUPLICATE_METHOD_MATCH = YES;
				"CODE_SIGN_IDENTITY[sdk=iphoneos*]" = "iPhone Developer";
				COPY_PHASE_STRIP = NO;
				DEBUG_INFORMATION_FORMAT = "dwarf-with-dsym";
				ENABLE_STRICT_OBJC_MSGSEND = YES;
				GCC_C_LANGUAGE_STANDARD = gnu99;
				GCC_DYNAMIC_NO_PIC = NO;
				GCC_NO_COMMON_BLOCKS = YES;
				GCC_OPTIMIZATION_LEVEL = 0;
				GCC_PREPROCESSOR_DEFINITIONS = (
					"DEBUG=1",
					"$(inherited)",
				);
				GCC_SYMBOLS_PRIVATE_EXTERN = NO;
				GCC_WARN_64_TO_32_BIT_CONVERSION = YES;
				GCC_WARN_ABOUT_RETURN_TYPE = YES_ERROR;
				GCC_WARN_UNDECLARED_SELECTOR = YES;
				GCC_WARN_UNINITIALIZED_AUTOS = YES_AGGRESSIVE;
				GCC_WARN_UNUSED_FUNCTION = YES;
				GCC_WARN_UNUSED_VARIABLE = YES;
				IPHONEOS_DEPLOYMENT_TARGET = 8.3;
				MTL_ENABLE_DEBUG_INFO = YES;
				ONLY_ACTIVE_ARCH = YES;
				SDKROOT = iphoneos;
				SWIFT_OPTIMIZATION_LEVEL = "-Onone";
			};
			name = Debug;
		};
		C383EC461B3BE9F10029359C /* Release */ = {
			isa = XCBuildConfiguration;
			buildSettings = {
				ALWAYS_SEARCH_USER_PATHS = NO;
				CLANG_CXX_LANGUAGE_STANDARD = "gnu++0x";
				CLANG_CXX_LIBRARY = "libc++";
				CLANG_ENABLE_MODULES = YES;
				CLANG_ENABLE_OBJC_ARC = YES;
				CLANG_WARN_BOOL_CONVERSION = YES;
				CLANG_WARN_CONSTANT_CONVERSION = YES;
				CLANG_WARN_DIRECT_OBJC_ISA_USAGE = YES_ERROR;
				CLANG_WARN_EMPTY_BODY = YES;
				CLANG_WARN_ENUM_CONVERSION = YES;
				CLANG_WARN_INT_CONVERSION = YES;
				CLANG_WARN_OBJC_ROOT_CLASS = YES_ERROR;
				CLANG_WARN_UNREACHABLE_CODE = YES;
				CLANG_WARN__DUPLICATE_METHOD_MATCH = YES;
				"CODE_SIGN_IDENTITY[sdk=iphoneos*]" = "iPhone Developer";
				COPY_PHASE_STRIP = NO;
				DEBUG_INFORMATION_FORMAT = "dwarf-with-dsym";
				ENABLE_NS_ASSERTIONS = NO;
				ENABLE_STRICT_OBJC_MSGSEND = YES;
				GCC_C_LANGUAGE_STANDARD = gnu99;
				GCC_NO_COMMON_BLOCKS = YES;
				GCC_WARN_64_TO_32_BIT_CONVERSION = YES;
				GCC_WARN_ABOUT_RETURN_TYPE = YES_ERROR;
				GCC_WARN_UNDECLARED_SELECTOR = YES;
				GCC_WARN_UNINITIALIZED_AUTOS = YES_AGGRESSIVE;
				GCC_WARN_UNUSED_FUNCTION = YES;
				GCC_WARN_UNUSED_VARIABLE = YES;
				IPHONEOS_DEPLOYMENT_TARGET = 8.3;
				MTL_ENABLE_DEBUG_INFO = NO;
				SDKROOT = iphoneos;
				VALIDATE_PRODUCT = YES;
			};
			name = Release;
		};
		C383EC481B3BE9F10029359C /* Debug */ = {
			isa = XCBuildConfiguration;
			buildSettings = {
				ASSETCATALOG_COMPILER_APPICON_NAME = AppIcon;
				INFOPLIST_FILE = CustomTableView/Info.plist;
				LD_RUNPATH_SEARCH_PATHS = "$(inherited) @executable_path/Frameworks";
				PRODUCT_NAME = "$(TARGET_NAME)";
			};
			name = Debug;
		};
		C383EC491B3BE9F10029359C /* Release */ = {
			isa = XCBuildConfiguration;
			buildSettings = {
				ASSETCATALOG_COMPILER_APPICON_NAME = AppIcon;
				INFOPLIST_FILE = CustomTableView/Info.plist;
				LD_RUNPATH_SEARCH_PATHS = "$(inherited) @executable_path/Frameworks";
				PRODUCT_NAME = "$(TARGET_NAME)";
			};
			name = Release;
		};
		C383EC4B1B3BE9F10029359C /* Debug */ = {
			isa = XCBuildConfiguration;
			buildSettings = {
				BUNDLE_LOADER = "$(TEST_HOST)";
				FRAMEWORK_SEARCH_PATHS = (
					"$(SDKROOT)/Developer/Library/Frameworks",
					"$(inherited)",
				);
				GCC_PREPROCESSOR_DEFINITIONS = (
					"DEBUG=1",
					"$(inherited)",
				);
				INFOPLIST_FILE = CustomTableViewTests/Info.plist;
				LD_RUNPATH_SEARCH_PATHS = "$(inherited) @executable_path/Frameworks @loader_path/Frameworks";
				PRODUCT_NAME = "$(TARGET_NAME)";
				TEST_HOST = "$(BUILT_PRODUCTS_DIR)/CustomTableView.app/CustomTableView";
			};
			name = Debug;
		};
		C383EC4C1B3BE9F10029359C /* Release */ = {
			isa = XCBuildConfiguration;
			buildSettings = {
				BUNDLE_LOADER = "$(TEST_HOST)";
				FRAMEWORK_SEARCH_PATHS = (
					"$(SDKROOT)/Developer/Library/Frameworks",
					"$(inherited)",
				);
				INFOPLIST_FILE = CustomTableViewTests/Info.plist;
				LD_RUNPATH_SEARCH_PATHS = "$(inherited) @executable_path/Frameworks @loader_path/Frameworks";
				PRODUCT_NAME = "$(TARGET_NAME)";
				TEST_HOST = "$(BUILT_PRODUCTS_DIR)/CustomTableView.app/CustomTableView";
			};
			name = Release;
		};
/* End XCBuildConfiguration section */

/* Begin XCConfigurationList section */
		C383EC231B3BE9F00029359C /* Build configuration list for PBXProject "CustomTableView" */ = {
			isa = XCConfigurationList;
			buildConfigurations = (
				C383EC451B3BE9F10029359C /* Debug */,
				C383EC461B3BE9F10029359C /* Release */,
			);
			defaultConfigurationIsVisible = 0;
			defaultConfigurationName = Release;
		};
		C383EC471B3BE9F10029359C /* Build configuration list for PBXNativeTarget "CustomTableView" */ = {
			isa = XCConfigurationList;
			buildConfigurations = (
				C383EC481B3BE9F10029359C /* Debug */,
				C383EC491B3BE9F10029359C /* Release */,
			);
			defaultConfigurationIsVisible = 0;
		};
		C383EC4A1B3BE9F10029359C /* Build configuration list for PBXNativeTarget "CustomTableViewTests" */ = {
			isa = XCConfigurationList;
			buildConfigurations = (
				C383EC4B1B3BE9F10029359C /* Debug */,
				C383EC4C1B3BE9F10029359C /* Release */,
			);
			defaultConfigurationIsVisible = 0;
		};
/* End XCConfigurationList section */
	};
	rootObject = C383EC201B3BE9F00029359C /* Project object */;
}
